
Microsoft Visual Studio Solution File, Format Version 12.00
# Visual Studio Version 17
VisualStudioVersion = 17.7.34031.279
MinimumVisualStudioVersion = 10.0.40219.1
Project("{FAE04EC0-301F-11D3-BF4B-00C04F79EFBC}") = "Buoi4_BTTH", "Buoi4_BTTH\Buoi4_BTTH.csproj", "{F373973B-558D-4BCB-9767-A34D7744509D}"
EndProject
Global
	GlobalSection(SolutionConfigurationPlatforms) = preSolution
		Debug|Any CPU = Debug|Any CPU
		Release|Any CPU = Release|Any CPU
	EndGlobalSection
	GlobalSection(ProjectConfigurationPlatforms) = postSolution
		{F373973B-558D-4BCB-9767-A34D7744509D}.Debug|Any CPU.ActiveCfg = Debug|Any CPU
		{F373973B-558D-4BCB-9767-A34D7744509D}.Debug|Any CPU.Build.0 = Debug|Any CPU
		{F373973B-558D-4BCB-9767-A34D7744509D}.Release|Any CPU.ActiveCfg = Release|Any CPU
		{F373973B-558D-4BCB-9767-A34D7744509D}.Release|Any CPU.Build.0 = Release|Any CPU
	EndGlobalSection
	GlobalSection(SolutionProperties) = preSolution
		HideSolutionNode = FALSE
	EndGlobalSection
	GlobalSection(ExtensibilityGlobals) = postSolution
		SolutionGuid = {A52C6061-44C8-4CD2-A486-3E1E9E47B7E4}
	EndGlobalSection
EndGlobal
